// !$*UTF8*$!
{
	archiveVersion = 1;
	classes = {
	};
	objectVersion = 50;
	objects = {

/* Begin PBXBuildFile section */
		CA535AB62359A94F0005C577 /* AppDelegate.swift in Sources */ = {isa = PBXBuildFile; fileRef = CA535AB52359A94F0005C577 /* AppDelegate.swift */; };
		CA535AB82359A94F0005C577 /* SceneDelegate.swift in Sources */ = {isa = PBXBuildFile; fileRef = CA535AB72359A94F0005C577 /* SceneDelegate.swift */; };
		CA535ABA2359A94F0005C577 /* WebViewController.swift in Sources */ = {isa = PBXBuildFile; fileRef = CA535AB92359A94F0005C577 /* WebViewController.swift */; };
		CA535ABD2359A94F0005C577 /* Main.storyboard in Resources */ = {isa = PBXBuildFile; fileRef = CA535ABB2359A94F0005C577 /* Main.storyboard */; };
		CA535ABF2359A9500005C577 /* Assets.xcassets in Resources */ = {isa = PBXBuildFile; fileRef = CA535ABE2359A9500005C577 /* Assets.xcassets */; };
		CA535AC22359A9500005C577 /* LaunchScreen.storyboard in Resources */ = {isa = PBXBuildFile; fileRef = CA535AC02359A9500005C577 /* LaunchScreen.storyboard */; };
		CA535ACE2359EBBD0005C577 /* ContainerViewController.swift in Sources */ = {isa = PBXBuildFile; fileRef = CA535ACD2359EBBD0005C577 /* ContainerViewController.swift */; };
		CA535AD02359EBCC0005C577 /* MenuViewController.swift in Sources */ = {isa = PBXBuildFile; fileRef = CA535ACF2359EBCC0005C577 /* MenuViewController.swift */; };
/* End PBXBuildFile section */

/* Begin PBXFileReference section */
		CA535AB22359A94F0005C577 /* WebViewTest.app */ = {isa = PBXFileReference; explicitFileType = wrapper.application; includeInIndex = 0; path = WebViewTest.app; sourceTree = BUILT_PRODUCTS_DIR; };
		CA535AB52359A94F0005C577 /* AppDelegate.swift */ = {isa = PBXFileReference; lastKnownFileType = sourcecode.swift; path = AppDelegate.swift; sourceTree = "<group>"; };
		CA535AB72359A94F0005C577 /* SceneDelegate.swift */ = {isa = PBXFileReference; lastKnownFileType = sourcecode.swift; path = SceneDelegate.swift; sourceTree = "<group>"; };
		CA535AB92359A94F0005C577 /* WebViewController.swift */ = {isa = PBXFileReference; lastKnownFileType = sourcecode.swift; path = WebViewController.swift; sourceTree = "<group>"; };
		CA535ABC2359A94F0005C577 /* Base */ = {isa = PBXFileReference; lastKnownFileType = file.storyboard; name = Base; path = Base.lproj/Main.storyboard; sourceTree = "<group>"; };
		CA535ABE2359A9500005C577 /* Assets.xcassets */ = {isa = PBXFileReference; lastKnownFileType = folder.assetcatalog; path = Assets.xcassets; sourceTree = "<group>"; };
		CA535AC12359A9500005C577 /* Base */ = {isa = PBXFileReference; lastKnownFileType = file.storyboard; name = Base; path = Base.lproj/LaunchScreen.storyboard; sourceTree = "<group>"; };
		CA535AC32359A9500005C577 /* Info.plist */ = {isa = PBXFileReference; lastKnownFileType = text.plist.xml; path = Info.plist; sourceTree = "<group>"; };
		CA535ACD2359EBBD0005C577 /* ContainerViewController.swift */ = {isa = PBXFileReference; lastKnownFileType = sourcecode.swift; path = ContainerViewController.swift; sourceTree = "<group>"; };
		CA535ACF2359EBCC0005C577 /* MenuViewController.swift */ = {isa = PBXFileReference; lastKnownFileType = sourcecode.swift; path = MenuViewController.swift; sourceTree = "<group>"; };
/* End PBXFileReference section */

/* Begin PBXFrameworksBuildPhase section */
		CA535AAF2359A94F0005C577 /* Frameworks */ = {
			isa = PBXFrameworksBuildPhase;
			buildActionMask = 2147483647;
			files = (
			);
			runOnlyForDeploymentPostprocessing = 0;
		};
/* End PBXFrameworksBuildPhase section */

/* Begin PBXGroup section */
		CA535AA92359A94F0005C577 = {
			isa = PBXGroup;
			children = (
				CA535AB42359A94F0005C577 /* WebViewTest */,
				CA535AB32359A94F0005C577 /* Products */,
			);
			sourceTree = "<group>";
		};
		CA535AB32359A94F0005C577 /* Products */ = {
			isa = PBXGroup;
			children = (
				CA535AB22359A94F0005C577 /* WebViewTest.app */,
			);
			name = Products;
			sourceTree = "<group>";
		};
		CA535AB42359A94F0005C577 /* WebViewTest */ = {
			isa = PBXGroup;
			children = (
				CA535ACC2359BC6F0005C577 /* View */,
				CA535ACA2359BC470005C577 /* Controllers */,
				CA535ACB2359BC650005C577 /* Resourse */,
				CA535AC92359BC400005C577 /* Supporting Files */,
			);
			path = WebViewTest;
			sourceTree = "<group>";
		};
		CA535AC92359BC400005C577 /* Supporting Files */ = {
			isa = PBXGroup;
			children = (
				CA535AB52359A94F0005C577 /* AppDelegate.swift */,
				CA535AB72359A94F0005C577 /* SceneDelegate.swift */,
				CA535AC32359A9500005C577 /* Info.plist */,
			);
			path = "Supporting Files";
			sourceTree = "<group>";
		};
		CA535ACA2359BC470005C577 /* Controllers */ = {
			isa = PBXGroup;
			children = (
				CA535AB92359A94F0005C577 /* WebViewController.swift */,
				CA535ACD2359EBBD0005C577 /* ContainerViewController.swift */,
				CA535ACF2359EBCC0005C577 /* MenuViewController.swift */,
			);
			path = Controllers;
			sourceTree = "<group>";
		};
		CA535ACB2359BC650005C577 /* Resourse */ = {
			isa = PBXGroup;
			children = (
				CA535ABE2359A9500005C577 /* Assets.xcassets */,
			);
			path = Resourse;
			sourceTree = "<group>";
		};
		CA535ACC2359BC6F0005C577 /* View */ = {
			isa = PBXGroup;
			children = (
				CA535ABB2359A94F0005C577 /* Main.storyboard */,
				CA535AC02359A9500005C577 /* LaunchScreen.storyboard */,
			);
			path = View;
			sourceTree = "<group>";
		};
/* End PBXGroup section */

/* Begin PBXNativeTarget section */
		CA535AB12359A94F0005C577 /* WebViewTest */ = {
			isa = PBXNativeTarget;
			buildConfigurationList = CA535AC62359A9500005C577 /* Build configuration list for PBXNativeTarget "WebViewTest" */;
			buildPhases = (
				CA535AAE2359A94F0005C577 /* Sources */,
				CA535AAF2359A94F0005C577 /* Frameworks */,
				CA535AB02359A94F0005C577 /* Resources */,
			);
			buildRules = (
			);
			dependencies = (
			);
			name = WebViewTest;
			productName = WebViewTest;
			productReference = CA535AB22359A94F0005C577 /* WebViewTest.app */;
			productType = "com.apple.product-type.application";
		};
/* End PBXNativeTarget section */

/* Begin PBXProject section */
		CA535AAA2359A94F0005C577 /* Project object */ = {
			isa = PBXProject;
			attributes = {
				LastSwiftUpdateCheck = 1110;
				LastUpgradeCheck = 1110;
				ORGANIZATIONNAME = "Iurii Popov";
				TargetAttributes = {
					CA535AB12359A94F0005C577 = {
						CreatedOnToolsVersion = 11.1;
					};
				};
			};
			buildConfigurationList = CA535AAD2359A94F0005C577 /* Build configuration list for PBXProject "WebViewTest" */;
			compatibilityVersion = "Xcode 9.3";
			developmentRegion = en;
			hasScannedForEncodings = 0;
			knownRegions = (
				en,
				Base,
			);
			mainGroup = CA535AA92359A94F0005C577;
			productRefGroup = CA535AB32359A94F0005C577 /* Products */;
			projectDirPath = "";
			projectRoot = "";
			targets = (
				CA535AB12359A94F0005C577 /* WebViewTest */,
			);
		};
/* End PBXProject section */

/* Begin PBXResourcesBuildPhase section */
		CA535AB02359A94F0005C577 /* Resources */ = {
			isa = PBXResourcesBuildPhase;
			buildActionMask = 2147483647;
			files = (
				CA535AC22359A9500005C577 /* LaunchScreen.storyboard in Resources */,
				CA535ABF2359A9500005C577 /* Assets.xcassets in Resources */,
				CA535ABD2359A94F0005C577 /* Main.storyboard in Resources */,
			);
			runOnlyForDeploymentPostprocessing = 0;
		};
/* End PBXResourcesBuildPhase section */

/* Begin PBXSourcesBuildPhase section */
		CA535AAE2359A94F0005C577 /* Sources */ = {
			isa = PBXSourcesBuildPhase;
			buildActionMask = 2147483647;
			files = (
				CA535ABA2359A94F0005C577 /* WebViewController.swift in Sources */,
				CA535AD02359EBCC0005C577 /* MenuViewController.swift in Sources */,
				CA535AB62359A94F0005C577 /* AppDelegate.swift in Sources */,
				CA535ACE2359EBBD0005C577 /* ContainerViewController.swift in Sources */,
				CA535AB82359A94F0005C577 /* SceneDelegate.swift in Sources */,
			);
			runOnlyForDeploymentPostprocessing = 0;
		};
/* End PBXSourcesBuildPhase section */

/* Begin PBXVariantGroup section */
		CA535ABB2359A94F0005C577 /* Main.storyboard */ = {
			isa = PBXVariantGroup;
			children = (
				CA535ABC2359A94F0005C577 /* Base */,
			);
			name = Main.storyboard;
			sourceTree = "<group>";
		};
		CA535AC02359A9500005C577 /* LaunchScreen.storyboard */ = {
			isa = PBXVariantGroup;
			children = (
				CA535AC12359A9500005C577 /* Base */,
			);
			name = LaunchScreen.storyboard;
			sourceTree = "<group>";
		};
/* End PBXVariantGroup section */

/* Begin XCBuildConfiguration section */
		CA535AC42359A9500005C577 /* Debug */ = {
			isa = XCBuildConfiguration;
			buildSettings = {
				ALWAYS_SEARCH_USER_PATHS = NO;
				CLANG_ANALYZER_NONNULL = YES;
				CLANG_ANALYZER_NUMBER_OBJECT_CONVERSION = YES_AGGRESSIVE;
				CLANG_CXX_LANGUAGE_STANDARD = "gnu++14";
				CLANG_CXX_LIBRARY = "libc++";
				CLANG_ENABLE_MODULES = YES;
				CLANG_ENABLE_OBJC_ARC = YES;
				CLANG_ENABLE_OBJC_WEAK = YES;
				CLANG_WARN_BLOCK_CAPTURE_AUTORELEASING = YES;
				CLANG_WARN_BOOL_CONVERSION = YES;
				CLANG_WARN_COMMA = YES;
				CLANG_WARN_CONSTANT_CONVERSION = YES;
				CLANG_WARN_DEPRECATED_OBJC_IMPLEMENTATIONS = YES;
				CLANG_WARN_DIRECT_OBJC_ISA_USAGE = YES_ERROR;
				CLANG_WARN_DOCUMENTATION_COMMENTS = YES;
				CLANG_WARN_EMPTY_BODY = YES;
				CLANG_WARN_ENUM_CONVERSION = YES;
				CLANG_WARN_INFINITE_RECURSION = YES;
				CLANG_WARN_INT_CONVERSION = YES;
				CLANG_WARN_NON_LITERAL_NULL_CONVERSION = YES;
				CLANG_WARN_OBJC_IMPLICIT_RETAIN_SELF = YES;
				CLANG_WARN_OBJC_LITERAL_CONVERSION = YES;
				CLANG_WARN_OBJC_ROOT_CLASS = YES_ERROR;
				CLANG_WARN_RANGE_LOOP_ANALYSIS = YES;
				CLANG_WARN_STRICT_PROTOTYPES = YES;
				CLANG_WARN_SUSPICIOUS_MOVE = YES;
				CLANG_WARN_UNGUARDED_AVAILABILITY = YES_AGGRESSIVE;
				CLANG_WARN_UNREACHABLE_CODE = YES;
				CLANG_WARN__DUPLICATE_METHOD_MATCH = YES;
				COPY_PHASE_STRIP = NO;
				DEBUG_INFORMATION_FORMAT = dwarf;
				ENABLE_STRICT_OBJC_MSGSEND = YES;
				ENABLE_TESTABILITY = YES;
				GCC_C_LANGUAGE_STANDARD = gnu11;
				GCC_DYNAMIC_NO_PIC = NO;
				GCC_NO_COMMON_BLOCKS = YES;
				GCC_OPTIMIZATION_LEVEL = 0;
				GCC_PREPROCESSOR_DEFINITIONS = (
					"DEBUG=1",
					"$(inherited)",
				);
				GCC_WARN_64_TO_32_BIT_CONVERSION = YES;
				GCC_WARN_ABOUT_RETURN_TYPE = YES_ERROR;
				GCC_WARN_UNDECLARED_SELECTOR = YES;
				GCC_WARN_UNINITIALIZED_AUTOS = YES_AGGRESSIVE;
				GCC_WARN_UNUSED_FUNCTION = YES;
				GCC_WARN_UNUSED_VARIABLE = YES;
				IPHONEOS_DEPLOYMENT_TARGET = 13.1;
				MTL_ENABLE_DEBUG_INFO = INCLUDE_SOURCE;
				MTL_FAST_MATH = YES;
				ONLY_ACTIVE_ARCH = YES;
				SDKROOT = iphoneos;
				SWIFT_ACTIVE_COMPILATION_CONDITIONS = DEBUG;
				SWIFT_OPTIMIZATION_LEVEL = "-Onone";
			};
			name = Debug;
		};
		CA535AC52359A9500005C577 /* Release */ = {
			isa = XCBuildConfiguration;
			buildSettings = {
				ALWAYS_SEARCH_USER_PATHS = NO;
				CLANG_ANALYZER_NONNULL = YES;
				CLANG_ANALYZER_NUMBER_OBJECT_CONVERSION = YES_AGGRESSIVE;
				CLANG_CXX_LANGUAGE_STANDARD = "gnu++14";
				CLANG_CXX_LIBRARY = "libc++";
				CLANG_ENABLE_MODULES = YES;
				CLANG_ENABLE_OBJC_ARC = YES;
				CLANG_ENABLE_OBJC_WEAK = YES;
				CLANG_WARN_BLOCK_CAPTURE_AUTORELEASING = YES;
				CLANG_WARN_BOOL_CONVERSION = YES;
				CLANG_WARN_COMMA = YES;
				CLANG_WARN_CONSTANT_CONVERSION = YES;
				CLANG_WARN_DEPRECATED_OBJC_IMPLEMENTATIONS = YES;
				CLANG_WARN_DIRECT_OBJC_ISA_USAGE = YES_ERROR;
				CLANG_WARN_DOCUMENTATION_COMMENTS = YES;
				CLANG_WARN_EMPTY_BODY = YES;
				CLANG_WARN_ENUM_CONVERSION = YES;
				CLANG_WARN_INFINITE_RECURSION = YES;
				CLANG_WARN_INT_CONVERSION = YES;
				CLANG_WARN_NON_LITERAL_NULL_CONVERSION = YES;
				CLANG_WARN_OBJC_IMPLICIT_RETAIN_SELF = YES;
				CLANG_WARN_OBJC_LITERAL_CONVERSION = YES;
				CLANG_WARN_OBJC_ROOT_CLASS = YES_ERROR;
				CLANG_WARN_RANGE_LOOP_ANALYSIS = YES;
				CLANG_WARN_STRICT_PROTOTYPES = YES;
				CLANG_WARN_SUSPICIOUS_MOVE = YES;
				CLANG_WARN_UNGUARDED_AVAILABILITY = YES_AGGRESSIVE;
				CLANG_WARN_UNREACHABLE_CODE = YES;
				CLANG_WARN__DUPLICATE_METHOD_MATCH = YES;
				COPY_PHASE_STRIP = NO;
				DEBUG_INFORMATION_FORMAT = "dwarf-with-dsym";
				ENABLE_NS_ASSERTIONS = NO;
				ENABLE_STRICT_OBJC_MSGSEND = YES;
				GCC_C_LANGUAGE_STANDARD = gnu11;
				GCC_NO_COMMON_BLOCKS = YES;
				GCC_WARN_64_TO_32_BIT_CONVERSION = YES;
				GCC_WARN_ABOUT_RETURN_TYPE = YES_ERROR;
				GCC_WARN_UNDECLARED_SELECTOR = YES;
				GCC_WARN_UNINITIALIZED_AUTOS = YES_AGGRESSIVE;
				GCC_WARN_UNUSED_FUNCTION = YES;
				GCC_WARN_UNUSED_VARIABLE = YES;
				IPHONEOS_DEPLOYMENT_TARGET = 13.1;
				MTL_ENABLE_DEBUG_INFO = NO;
				MTL_FAST_MATH = YES;
				SDKROOT = iphoneos;
				SWIFT_COMPILATION_MODE = wholemodule;
				SWIFT_OPTIMIZATION_LEVEL = "-O";
				VALIDATE_PRODUCT = YES;
			};
			name = Release;
		};
		CA535AC72359A9500005C577 /* Debug */ = {
			isa = XCBuildConfiguration;
			buildSettings = {
				ASSETCATALOG_COMPILER_APPICON_NAME = AppIcon;
				CODE_SIGN_STYLE = Automatic;
				DEVELOPMENT_TEAM = 54SGD4HVN5;
				INFOPLIST_FILE = "WebViewTest/Supporting Files/Info.plist";
				LD_RUNPATH_SEARCH_PATHS = (
					"$(inherited)",
					"@executable_path/Frameworks",
				);
				PRODUCT_BUNDLE_IDENTIFIER = com.IuriiPopov.WebViewTest;
				PRODUCT_NAME = "$(TARGET_NAME)";
				SWIFT_VERSION = 5.0;
				TARGETED_DEVICE_FAMILY = 1;
			};
			name = Debug;
		};
		CA535AC82359A9500005C577 /* Release */ = {
			isa = XCBuildConfiguration;
			buildSettings = {
				ASSETCATALOG_COMPILER_APPICON_NAME = AppIcon;
				CODE_SIGN_STYLE = Automatic;
				DEVELOPMENT_TEAM = 54SGD4HVN5;
				INFOPLIST_FILE = "WebViewTest/Supporting Files/Info.plist";
				LD_RUNPATH_SEARCH_PATHS = (
					"$(inherited)",
					"@executable_path/Frameworks",
				);
				PRODUCT_BUNDLE_IDENTIFIER = com.IuriiPopov.WebViewTest;
				PRODUCT_NAME = "$(TARGET_NAME)";
				SWIFT_VERSION = 5.0;
				TARGETED_DEVICE_FAMILY = 1;
			};
			name = Release;
		};
/* End XCBuildConfiguration section */

/* Begin XCConfigurationList section */
		CA535AAD2359A94F0005C577 /* Build configuration list for PBXProject "WebViewTest" */ = {
			isa = XCConfigurationList;
			buildConfigurations = (
				CA535AC42359A9500005C577 /* Debug */,
				CA535AC52359A9500005C577 /* Release */,
			);
			defaultConfigurationIsVisible = 0;
			defaultConfigurationName = Release;
		};
		CA535AC62359A9500005C577 /* Build configuration list for PBXNativeTarget "WebViewTest" */ = {
			isa = XCConfigurationList;
			buildConfigurations = (
				CA535AC72359A9500005C577 /* Debug */,
				CA535AC82359A9500005C577 /* Release */,
			);
			defaultConfigurationIsVisible = 0;
			defaultConfigurationName = Release;
		};
/* End XCConfigurationList section */
	};
	rootObject = CA535AAA2359A94F0005C577 /* Project object */;
}
